
Microsoft Visual Studio Solution File, Format Version 12.00
# Visual Studio Express 2012 for Web
Project("{E24C65DC-7377-472B-9ABA-BC803B73C61A}") = "nefretete1", "http://localhost:30861", "{DF8E9D74-1548-4F67-9DFD-E753FF2FF78A}"
	ProjectSection(WebsiteProperties) = preProject
		UseIISExpress = "true"
		TargetFrameworkMoniker = ".NETFramework,Version%3Dv4.0"
		Debug.AspNetCompiler.VirtualPath = "/localhost_30861"
		Debug.AspNetCompiler.PhysicalPath = "F:\nefretete\"
		Debug.AspNetCompiler.TargetPath = "PrecompiledWeb\localhost_30861\"
		Debug.AspNetCompiler.Updateable = "true"
		Debug.AspNetCompiler.ForceOverwrite = "true"
		Debug.AspNetCompiler.FixedNames = "false"
		Debug.AspNetCompiler.Debug = "True"
		Release.AspNetCompiler.VirtualPath = "/localhost_30861"
		Release.AspNetCompiler.PhysicalPath = "F:\nefretete\"
		Release.AspNetCompiler.TargetPath = "PrecompiledWeb\localhost_30861\"
		Release.AspNetCompiler.Updateable = "true"
		Release.AspNetCompiler.ForceOverwrite = "true"
		Release.AspNetCompiler.FixedNames = "false"
		Release.AspNetCompiler.Debug = "False"
		SlnRelativePath = "F:\nefretete\"
	EndProjectSection
EndProject
Global
	GlobalSection(SolutionConfigurationPlatforms) = preSolution
		Debug|Any CPU = Debug|Any CPU
	EndGlobalSection
	GlobalSection(ProjectConfigurationPlatforms) = postSolution
		{DF8E9D74-1548-4F67-9DFD-E753FF2FF78A}.Debug|Any CPU.ActiveCfg = Debug|Any CPU
		{DF8E9D74-1548-4F67-9DFD-E753FF2FF78A}.Debug|Any CPU.Build.0 = Debug|Any CPU
	EndGlobalSection
	GlobalSection(SolutionProperties) = preSolution
		HideSolutionNode = FALSE
	EndGlobalSection
EndGlobal
